// !$*UTF8*$!
{
	archiveVersion = 1;
	classes = {
	};
	objectVersion = 51;
	objects = {

/* Begin PBXBuildFile section */
		960DACA726396859005DEABB /* GreetingsApp.swift in Sources */ = {isa = PBXBuildFile; fileRef = 960DACA626396859005DEABB /* GreetingsApp.swift */; };
		960DACA926396859005DEABB /* ContentView.swift in Sources */ = {isa = PBXBuildFile; fileRef = 960DACA826396859005DEABB /* ContentView.swift */; };
		960DACAB2639685A005DEABB /* Assets.xcassets in Resources */ = {isa = PBXBuildFile; fileRef = 960DACAA2639685A005DEABB /* Assets.xcassets */; };
		960DACAE2639685A005DEABB /* Preview Assets.xcassets in Resources */ = {isa = PBXBuildFile; fileRef = 960DACAD2639685A005DEABB /* Preview Assets.xcassets */; };
		960DACBC26396D95005DEABB /* RustGreetings.swift in Sources */ = {isa = PBXBuildFile; fileRef = 960DACBB26396D95005DEABB /* RustGreetings.swift */; };
		9623A15F27C58572007DDA99 /* libgreetings.a in Frameworks */ = {isa = PBXBuildFile; fileRef = 960DACB62639687D005DEABB /* libgreetings.a */; };
		962B13D826D7E432001F8760 /* MyOBD.swift in Sources */ = {isa = PBXBuildFile; fileRef = 962B13D726D7E432001F8760 /* MyOBD.swift */; };
		962F4AD928647D6C00DC15E5 /* MultiSensorReducer.swift in Sources */ = {isa = PBXBuildFile; fileRef = 962F4AD828647D6C00DC15E5 /* MultiSensorReducer.swift */; };
		963238292734CA62008070D5 /* LocationHelper.swift in Sources */ = {isa = PBXBuildFile; fileRef = 963238282734CA62008070D5 /* LocationHelper.swift */; };
		9651D72B26CAAE14000F9A44 /* nox-valid.ppcdf in Resources */ = {isa = PBXBuildFile; fileRef = 9651D72A26CAAE14000F9A44 /* nox-valid.ppcdf */; };
		966BAB962683979D0075984D /* libresolv.tbd in Frameworks */ = {isa = PBXBuildFile; fileRef = 960DACB7263968A5005DEABB /* libresolv.tbd */; };
		9670CCA5286F2F9200E1BDC9 /* Uploader.swift in Sources */ = {isa = PBXBuildFile; fileRef = 9670CCA4286F2F9200E1BDC9 /* Uploader.swift */; };
		969B982B28070FB9004A2123 /* rde-lola-test-drive-spec-no-percentile1.lola in Resources */ = {isa = PBXBuildFile; fileRef = 9651D72826CAAB81000F9A44 /* rde-lola-test-drive-spec-no-percentile1.lola */; };
		969B982F28071147004A2123 /* spec_header.lola in Resources */ = {isa = PBXBuildFile; fileRef = 969B982E28071147004A2123 /* spec_header.lola */; };
		969B983C280EB0E0004A2123 /* spec_fuel_rate_input.lola in Resources */ = {isa = PBXBuildFile; fileRef = 969B9832280EB0DF004A2123 /* spec_fuel_rate_input.lola */; };
		969B983D280EB0E0004A2123 /* spec_maf_to_fuel_rate_diesel_fae.lola in Resources */ = {isa = PBXBuildFile; fileRef = 969B9833280EB0DF004A2123 /* spec_maf_to_fuel_rate_diesel_fae.lola */; };
		969B983E280EB0E0004A2123 /* spec_maf_to_fuel_rate_diesel.lola in Resources */ = {isa = PBXBuildFile; fileRef = 969B9834280EB0DF004A2123 /* spec_maf_to_fuel_rate_diesel.lola */; };
		969B983F280EB0E0004A2123 /* spec_maf_to_fuel_rate_gasoline.lola in Resources */ = {isa = PBXBuildFile; fileRef = 969B9835280EB0DF004A2123 /* spec_maf_to_fuel_rate_gasoline.lola */; };
		969B9840280EB0E0004A2123 /* spec_maf_to_fuel_rate_gasoline_fae.lola in Resources */ = {isa = PBXBuildFile; fileRef = 969B9836280EB0E0004A2123 /* spec_maf_to_fuel_rate_gasoline_fae.lola */; };
		969B9841280EB0E0004A2123 /* spec_fuelrate_to_emf_gasoline.lola in Resources */ = {isa = PBXBuildFile; fileRef = 969B9837280EB0E0004A2123 /* spec_fuelrate_to_emf_gasoline.lola */; };
		969B9842280EB0E0004A2123 /* spec_fuel_rate_to_co2_diesel.lola in Resources */ = {isa = PBXBuildFile; fileRef = 969B9838280EB0E0004A2123 /* spec_fuel_rate_to_co2_diesel.lola */; };
		969B9843280EB0E0004A2123 /* spec_fuel_rate_to_emf_diesel.spec in Resources */ = {isa = PBXBuildFile; fileRef = 969B9839280EB0E0004A2123 /* spec_fuel_rate_to_emf_diesel.spec */; };
		969B9844280EB0E0004A2123 /* spec_body.lola in Resources */ = {isa = PBXBuildFile; fileRef = 969B983A280EB0E0004A2123 /* spec_body.lola */; };
		969B9845280EB0E0004A2123 /* spec_fuelrate_to_co2_gasoline.lola in Resources */ = {isa = PBXBuildFile; fileRef = 969B983B280EB0E0004A2123 /* spec_fuelrate_to_co2_gasoline.lola */; };
		96A0DADD26BC205900934FCA /* RDEValidator.swift in Sources */ = {isa = PBXBuildFile; fileRef = 96A0DADC26BC205900934FCA /* RDEValidator.swift */; };
		96B71F20271D7C2600AB2E8E /* 2021-09-13_11-45-26.ppcdf in Resources */ = {isa = PBXBuildFile; fileRef = 96B71F1F271D7C2600AB2E8E /* 2021-09-13_11-45-26.ppcdf */; };
		96B71F22271D7C3500AB2E8E /* 2021-09-13_12-02-52.ppcdf in Resources */ = {isa = PBXBuildFile; fileRef = 96B71F21271D7C3500AB2E8E /* 2021-09-13_12-02-52.ppcdf */; };
		96B71F24271D7C4100AB2E8E /* 2021-09-13_12-03-30.ppcdf in Resources */ = {isa = PBXBuildFile; fileRef = 96B71F23271D7C4100AB2E8E /* 2021-09-13_12-03-30.ppcdf */; };
		96B71F28271D7C4F00AB2E8E /* 2021-09-13_12-04-29.ppcdf in Resources */ = {isa = PBXBuildFile; fileRef = 96B71F25271D7C4F00AB2E8E /* 2021-09-13_12-04-29.ppcdf */; };
		96B71F29271D7C4F00AB2E8E /* 2021-09-13_12-12-53.ppcdf in Resources */ = {isa = PBXBuildFile; fileRef = 96B71F26271D7C4F00AB2E8E /* 2021-09-13_12-12-53.ppcdf */; };
		96B71F2A271D7C4F00AB2E8E /* 2021-09-13_15-07-19.ppcdf in Resources */ = {isa = PBXBuildFile; fileRef = 96B71F27271D7C4F00AB2E8E /* 2021-09-13_15-07-19.ppcdf */; };
		96C43B932831AACE00F45FC4 /* EventStore.swift in Sources */ = {isa = PBXBuildFile; fileRef = 96C43B922831AACE00F45FC4 /* EventStore.swift */; };
		96C43B95283563CB00F45FC4 /* HistoryDetailView.swift in Sources */ = {isa = PBXBuildFile; fileRef = 96C43B94283563CB00F45FC4 /* HistoryDetailView.swift */; };
		96C6F5F127E618E5004C4B7D /* RdeLogView.swift in Sources */ = {isa = PBXBuildFile; fileRef = 96C6F5F027E618E5004C4B7D /* RdeLogView.swift */; };
		96C6F5F327E7727B004C4B7D /* CapsuleView.swift in Sources */ = {isa = PBXBuildFile; fileRef = 96C6F5F227E7727B004C4B7D /* CapsuleView.swift */; };
		96C6F5F527EE6EAE004C4B7D /* UrlWebView.swift in Sources */ = {isa = PBXBuildFile; fileRef = 96C6F5F427EE6EAE004C4B7D /* UrlWebView.swift */; };
		96C6F5FE27EE80BE004C4B7D /* style.css in Resources */ = {isa = PBXBuildFile; fileRef = 96C6F5FC27EE80BD004C4B7D /* style.css */; };
		96C6F5FF27EE80BE004C4B7D /* help.html in Resources */ = {isa = PBXBuildFile; fileRef = 96C6F5FD27EE80BE004C4B7D /* help.html */; };
		96C6F60127EE80E2004C4B7D /* privacy.html in Resources */ = {isa = PBXBuildFile; fileRef = 96C6F60027EE80E2004C4B7D /* privacy.html */; };
		96C6F60A27F1CCF6004C4B7D /* acknowledgements.html in Resources */ = {isa = PBXBuildFile; fileRef = 96C6F60827F1CCF6004C4B7D /* acknowledgements.html */; };
		96C6F60B27F1CCF6004C4B7D /* impressum.html in Resources */ = {isa = PBXBuildFile; fileRef = 96C6F60927F1CCF6004C4B7D /* impressum.html */; };
		96C6F60D27F1CDDB004C4B7D /* AcknowledgementsView.swift in Sources */ = {isa = PBXBuildFile; fileRef = 96C6F60C27F1CDDB004C4B7D /* AcknowledgementsView.swift */; };
		96C6F60F27F1CF63004C4B7D /* BaseWebView.swift in Sources */ = {isa = PBXBuildFile; fileRef = 96C6F60E27F1CF63004C4B7D /* BaseWebView.swift */; };
		96C6F61127F1CFF8004C4B7D /* ImpressumView.swift in Sources */ = {isa = PBXBuildFile; fileRef = 96C6F61027F1CFF8004C4B7D /* ImpressumView.swift */; };
		96C6F61727F1D538004C4B7D /* cispa_logo_en_rgb.png in Resources */ = {isa = PBXBuildFile; fileRef = 96C6F61227F1D538004C4B7D /* cispa_logo_en_rgb.png */; };
		96C6F61827F1D538004C4B7D /* sic.png in Resources */ = {isa = PBXBuildFile; fileRef = 96C6F61327F1D538004C4B7D /* sic.png */; };
		96C6F61927F1D538004C4B7D /* uds.png in Resources */ = {isa = PBXBuildFile; fileRef = 96C6F61427F1D538004C4B7D /* uds.png */; };
		96C6F61A27F1D538004C4B7D /* erc.png in Resources */ = {isa = PBXBuildFile; fileRef = 96C6F61527F1D538004C4B7D /* erc.png */; };
		96C6F61B27F1D538004C4B7D /* logo_cpec_final_rgb_v2.png in Resources */ = {isa = PBXBuildFile; fileRef = 96C6F61627F1D538004C4B7D /* logo_cpec_final_rgb_v2.png */; };
		96C8995D26EB917000E2254D /* pcdfcore.framework in Frameworks */ = {isa = PBXBuildFile; fileRef = 96F77EB926B3276D00B22DE2 /* pcdfcore.framework */; };
		96C8995E26EB917000E2254D /* pcdfcore.framework in Embed Frameworks */ = {isa = PBXBuildFile; fileRef = 96F77EB926B3276D00B22DE2 /* pcdfcore.framework */; settings = {ATTRIBUTES = (CodeSignOnCopy, RemoveHeadersOnCopy, ); }; };
		96E8274A286DBC340095EA5B /* spec_custom.lola in Resources */ = {isa = PBXBuildFile; fileRef = 96E82749286DBC340095EA5B /* spec_custom.lola */; };
		96ECF8DB27DA72D600429CF1 /* Model.swift in Sources */ = {isa = PBXBuildFile; fileRef = 96ECF8DA27DA72D600429CF1 /* Model.swift */; };
		96ECF8DD27DA72F200429CF1 /* Menu.swift in Sources */ = {isa = PBXBuildFile; fileRef = 96ECF8DC27DA72F200429CF1 /* Menu.swift */; };
		96ECF8DF27DA731100429CF1 /* CommandItem.swift in Sources */ = {isa = PBXBuildFile; fileRef = 96ECF8DE27DA731100429CF1 /* CommandItem.swift */; };
		96ECF8E127DA732700429CF1 /* Profile.swift in Sources */ = {isa = PBXBuildFile; fileRef = 96ECF8E027DA732700429CF1 /* Profile.swift */; };
		96ECF8E327DA734300429CF1 /* ProfileCommands.swift in Sources */ = {isa = PBXBuildFile; fileRef = 96ECF8E227DA734300429CF1 /* ProfileCommands.swift */; };
		96ECF8E527DA739600429CF1 /* Dynamics.swift in Sources */ = {isa = PBXBuildFile; fileRef = 96ECF8E427DA739600429CF1 /* Dynamics.swift */; };
		96ECF8E727DA745C00429CF1 /* ProfileEditView.swift in Sources */ = {isa = PBXBuildFile; fileRef = 96ECF8E627DA745C00429CF1 /* ProfileEditView.swift */; };
		96ECF8EA27DA74F200429CF1 /* ViewModel.swift in Sources */ = {isa = PBXBuildFile; fileRef = 96ECF8E927DA74F200429CF1 /* ViewModel.swift */; };
		96EFC14226FB4F9400BE44A6 /* RdeSettingsView.swift in Sources */ = {isa = PBXBuildFile; fileRef = 96EFC14126FB4F9400BE44A6 /* RdeSettingsView.swift */; };
		96EFC14526FB508F00BE44A6 /* NavBar.swift in Sources */ = {isa = PBXBuildFile; fileRef = 96EFC14426FB508F00BE44A6 /* NavBar.swift */; };
		96EFC14726FB510E00BE44A6 /* RdeView.swift in Sources */ = {isa = PBXBuildFile; fileRef = 96EFC14626FB510E00BE44A6 /* RdeView.swift */; };
		96EFC14926FB69D500BE44A6 /* HistoryView.swift in Sources */ = {isa = PBXBuildFile; fileRef = 96EFC14826FB69D500BE44A6 /* HistoryView.swift */; };
		96EFC14B26FB6E3200BE44A6 /* MonitoringView.swift in Sources */ = {isa = PBXBuildFile; fileRef = 96EFC14A26FB6E3200BE44A6 /* MonitoringView.swift */; };
		96EFC14D26FB6E4A00BE44A6 /* HelpView.swift in Sources */ = {isa = PBXBuildFile; fileRef = 96EFC14C26FB6E4A00BE44A6 /* HelpView.swift */; };
		96EFC14F26FB6F1400BE44A6 /* ProfilesView.swift in Sources */ = {isa = PBXBuildFile; fileRef = 96EFC14E26FB6F1400BE44A6 /* ProfilesView.swift */; };
		96EFC15126FB6F4100BE44A6 /* PrivacyView.swift in Sources */ = {isa = PBXBuildFile; fileRef = 96EFC15026FB6F4100BE44A6 /* PrivacyView.swift */; };
		96FEAE8326CE6251005255D0 /* Util.swift in Sources */ = {isa = PBXBuildFile; fileRef = 96FEAE8226CE6251005255D0 /* Util.swift */; };
		C6988D887C7A3B49C886698A /* Pods_Greetings.framework in Frameworks */ = {isa = PBXBuildFile; fileRef = A9729F66D373FA68AA030A10 /* Pods_Greetings.framework */; };
/* End PBXBuildFile section */

/* Begin PBXCopyFilesBuildPhase section */
		96C8995F26EB917000E2254D /* Embed Frameworks */ = {
			isa = PBXCopyFilesBuildPhase;
			buildActionMask = 2147483647;
			dstPath = "";
			dstSubfolderSpec = 10;
			files = (
				96C8995E26EB917000E2254D /* pcdfcore.framework in Embed Frameworks */,
			);
			name = "Embed Frameworks";
			runOnlyForDeploymentPostprocessing = 0;
		};
/* End PBXCopyFilesBuildPhase section */

/* Begin PBXFileReference section */
		5B5806C2B8A4FB5A7682F178 /* Pods-Greetings.debug.xcconfig */ = {isa = PBXFileReference; includeInIndex = 1; lastKnownFileType = text.xcconfig; name = "Pods-Greetings.debug.xcconfig"; path = "Target Support Files/Pods-Greetings/Pods-Greetings.debug.xcconfig"; sourceTree = "<group>"; };
		8D15ED78B4394F1548B5880B /* Pods-Greetings.release.xcconfig */ = {isa = PBXFileReference; includeInIndex = 1; lastKnownFileType = text.xcconfig; name = "Pods-Greetings.release.xcconfig"; path = "Target Support Files/Pods-Greetings/Pods-Greetings.release.xcconfig"; sourceTree = "<group>"; };
		960DACA326396859005DEABB /* Greetings.app */ = {isa = PBXFileReference; explicitFileType = wrapper.application; includeInIndex = 0; path = Greetings.app; sourceTree = BUILT_PRODUCTS_DIR; };
		960DACA626396859005DEABB /* GreetingsApp.swift */ = {isa = PBXFileReference; lastKnownFileType = sourcecode.swift; path = GreetingsApp.swift; sourceTree = "<group>"; };
		960DACA826396859005DEABB /* ContentView.swift */ = {isa = PBXFileReference; lastKnownFileType = sourcecode.swift; path = ContentView.swift; sourceTree = "<group>"; };
		960DACAA2639685A005DEABB /* Assets.xcassets */ = {isa = PBXFileReference; lastKnownFileType = folder.assetcatalog; path = Assets.xcassets; sourceTree = "<group>"; };
		960DACAD2639685A005DEABB /* Preview Assets.xcassets */ = {isa = PBXFileReference; lastKnownFileType = folder.assetcatalog; path = "Preview Assets.xcassets"; sourceTree = "<group>"; };
		960DACAF2639685A005DEABB /* Info.plist */ = {isa = PBXFileReference; lastKnownFileType = text.plist.xml; path = Info.plist; sourceTree = "<group>"; };
		960DACB62639687D005DEABB /* libgreetings.a */ = {isa = PBXFileReference; lastKnownFileType = archive.ar; name = libgreetings.a; path = ../cargo/target/universal/release/libgreetings.a; sourceTree = "<group>"; };
		960DACB7263968A5005DEABB /* libresolv.tbd */ = {isa = PBXFileReference; lastKnownFileType = "sourcecode.text-based-dylib-definition"; name = libresolv.tbd; path = usr/lib/libresolv.tbd; sourceTree = SDKROOT; };
		960DACBA26396965005DEABB /* Greetings-Bridging-Header.h */ = {isa = PBXFileReference; lastKnownFileType = sourcecode.c.h; path = "Greetings-Bridging-Header.h"; sourceTree = "<group>"; };
		960DACBB26396D95005DEABB /* RustGreetings.swift */ = {isa = PBXFileReference; lastKnownFileType = sourcecode.swift; path = RustGreetings.swift; sourceTree = "<group>"; };
		962B13D726D7E432001F8760 /* MyOBD.swift */ = {isa = PBXFileReference; lastKnownFileType = sourcecode.swift; path = MyOBD.swift; sourceTree = "<group>"; };
		962F4AD828647D6C00DC15E5 /* MultiSensorReducer.swift */ = {isa = PBXFileReference; lastKnownFileType = sourcecode.swift; path = MultiSensorReducer.swift; sourceTree = SOURCE_ROOT; };
		963238282734CA62008070D5 /* LocationHelper.swift */ = {isa = PBXFileReference; lastKnownFileType = sourcecode.swift; path = LocationHelper.swift; sourceTree = "<group>"; };
		9651D72826CAAB81000F9A44 /* rde-lola-test-drive-spec-no-percentile1.lola */ = {isa = PBXFileReference; fileEncoding = 4; lastKnownFileType = text; path = "rde-lola-test-drive-spec-no-percentile1.lola"; sourceTree = "<group>"; };
		9651D72A26CAAE14000F9A44 /* nox-valid.ppcdf */ = {isa = PBXFileReference; fileEncoding = 4; lastKnownFileType = text; path = "nox-valid.ppcdf"; sourceTree = "<group>"; };
		966BAB97268398040075984D /* greetings.h */ = {isa = PBXFileReference; lastKnownFileType = sourcecode.c.h; name = greetings.h; path = ../cargo/src/greetings.h; sourceTree = "<group>"; };
		9670CCA4286F2F9200E1BDC9 /* Uploader.swift */ = {isa = PBXFileReference; lastKnownFileType = sourcecode.swift; path = Uploader.swift; sourceTree = "<group>"; };
		969B982E28071147004A2123 /* spec_header.lola */ = {isa = PBXFileReference; fileEncoding = 4; lastKnownFileType = text; path = spec_header.lola; sourceTree = "<group>"; };
		969B9832280EB0DF004A2123 /* spec_fuel_rate_input.lola */ = {isa = PBXFileReference; fileEncoding = 4; lastKnownFileType = text; path = spec_fuel_rate_input.lola; sourceTree = "<group>"; };
		969B9833280EB0DF004A2123 /* spec_maf_to_fuel_rate_diesel_fae.lola */ = {isa = PBXFileReference; fileEncoding = 4; lastKnownFileType = text; path = spec_maf_to_fuel_rate_diesel_fae.lola; sourceTree = "<group>"; };
		969B9834280EB0DF004A2123 /* spec_maf_to_fuel_rate_diesel.lola */ = {isa = PBXFileReference; fileEncoding = 4; lastKnownFileType = text; path = spec_maf_to_fuel_rate_diesel.lola; sourceTree = "<group>"; };
		969B9835280EB0DF004A2123 /* spec_maf_to_fuel_rate_gasoline.lola */ = {isa = PBXFileReference; fileEncoding = 4; lastKnownFileType = text; path = spec_maf_to_fuel_rate_gasoline.lola; sourceTree = "<group>"; };
		969B9836280EB0E0004A2123 /* spec_maf_to_fuel_rate_gasoline_fae.lola */ = {isa = PBXFileReference; fileEncoding = 4; lastKnownFileType = text; path = spec_maf_to_fuel_rate_gasoline_fae.lola; sourceTree = "<group>"; };
		969B9837280EB0E0004A2123 /* spec_fuelrate_to_emf_gasoline.lola */ = {isa = PBXFileReference; fileEncoding = 4; lastKnownFileType = text; path = spec_fuelrate_to_emf_gasoline.lola; sourceTree = "<group>"; };
		969B9838280EB0E0004A2123 /* spec_fuel_rate_to_co2_diesel.lola */ = {isa = PBXFileReference; fileEncoding = 4; lastKnownFileType = text; path = spec_fuel_rate_to_co2_diesel.lola; sourceTree = "<group>"; };
		969B9839280EB0E0004A2123 /* spec_fuel_rate_to_emf_diesel.spec */ = {isa = PBXFileReference; fileEncoding = 4; lastKnownFileType = text; path = spec_fuel_rate_to_emf_diesel.spec; sourceTree = "<group>"; };
		969B983A280EB0E0004A2123 /* spec_body.lola */ = {isa = PBXFileReference; fileEncoding = 4; lastKnownFileType = text; path = spec_body.lola; sourceTree = "<group>"; };
		969B983B280EB0E0004A2123 /* spec_fuelrate_to_co2_gasoline.lola */ = {isa = PBXFileReference; fileEncoding = 4; lastKnownFileType = text; path = spec_fuelrate_to_co2_gasoline.lola; sourceTree = "<group>"; };
		96A0DADC26BC205900934FCA /* RDEValidator.swift */ = {isa = PBXFileReference; lastKnownFileType = sourcecode.swift; path = RDEValidator.swift; sourceTree = "<group>"; };
		96B71F1F271D7C2600AB2E8E /* 2021-09-13_11-45-26.ppcdf */ = {isa = PBXFileReference; fileEncoding = 4; lastKnownFileType = text; path = "2021-09-13_11-45-26.ppcdf"; sourceTree = "<group>"; };
		96B71F21271D7C3500AB2E8E /* 2021-09-13_12-02-52.ppcdf */ = {isa = PBXFileReference; fileEncoding = 4; lastKnownFileType = text; path = "2021-09-13_12-02-52.ppcdf"; sourceTree = "<group>"; };
		96B71F23271D7C4100AB2E8E /* 2021-09-13_12-03-30.ppcdf */ = {isa = PBXFileReference; fileEncoding = 4; lastKnownFileType = text; path = "2021-09-13_12-03-30.ppcdf"; sourceTree = "<group>"; };
		96B71F25271D7C4F00AB2E8E /* 2021-09-13_12-04-29.ppcdf */ = {isa = PBXFileReference; fileEncoding = 4; lastKnownFileType = text; path = "2021-09-13_12-04-29.ppcdf"; sourceTree = "<group>"; };
		96B71F26271D7C4F00AB2E8E /* 2021-09-13_12-12-53.ppcdf */ = {isa = PBXFileReference; fileEncoding = 4; lastKnownFileType = text; path = "2021-09-13_12-12-53.ppcdf"; sourceTree = "<group>"; };
		96B71F27271D7C4F00AB2E8E /* 2021-09-13_15-07-19.ppcdf */ = {isa = PBXFileReference; fileEncoding = 4; lastKnownFileType = text; path = "2021-09-13_15-07-19.ppcdf"; sourceTree = "<group>"; };
		96C43B922831AACE00F45FC4 /* EventStore.swift */ = {isa = PBXFileReference; lastKnownFileType = sourcecode.swift; path = EventStore.swift; sourceTree = "<group>"; };
		96C43B94283563CB00F45FC4 /* HistoryDetailView.swift */ = {isa = PBXFileReference; lastKnownFileType = sourcecode.swift; path = HistoryDetailView.swift; sourceTree = "<group>"; };
		96C6F5F027E618E5004C4B7D /* RdeLogView.swift */ = {isa = PBXFileReference; lastKnownFileType = sourcecode.swift; path = RdeLogView.swift; sourceTree = "<group>"; };
		96C6F5F227E7727B004C4B7D /* CapsuleView.swift */ = {isa = PBXFileReference; lastKnownFileType = sourcecode.swift; path = CapsuleView.swift; sourceTree = "<group>"; };
		96C6F5F427EE6EAE004C4B7D /* UrlWebView.swift */ = {isa = PBXFileReference; lastKnownFileType = sourcecode.swift; path = UrlWebView.swift; sourceTree = "<group>"; };
		96C6F5FC27EE80BD004C4B7D /* style.css */ = {isa = PBXFileReference; fileEncoding = 4; lastKnownFileType = text.css; path = style.css; sourceTree = "<group>"; };
		96C6F5FD27EE80BE004C4B7D /* help.html */ = {isa = PBXFileReference; fileEncoding = 4; lastKnownFileType = text.html; path = help.html; sourceTree = "<group>"; };
		96C6F60027EE80E2004C4B7D /* privacy.html */ = {isa = PBXFileReference; fileEncoding = 4; lastKnownFileType = text.html; path = privacy.html; sourceTree = "<group>"; };
		96C6F60827F1CCF6004C4B7D /* acknowledgements.html */ = {isa = PBXFileReference; fileEncoding = 4; lastKnownFileType = text.html; path = acknowledgements.html; sourceTree = "<group>"; };
		96C6F60927F1CCF6004C4B7D /* impressum.html */ = {isa = PBXFileReference; fileEncoding = 4; lastKnownFileType = text.html; path = impressum.html; sourceTree = "<group>"; };
		96C6F60C27F1CDDB004C4B7D /* AcknowledgementsView.swift */ = {isa = PBXFileReference; lastKnownFileType = sourcecode.swift; path = AcknowledgementsView.swift; sourceTree = "<group>"; };
		96C6F60E27F1CF63004C4B7D /* BaseWebView.swift */ = {isa = PBXFileReference; lastKnownFileType = sourcecode.swift; path = BaseWebView.swift; sourceTree = "<group>"; };
		96C6F61027F1CFF8004C4B7D /* ImpressumView.swift */ = {isa = PBXFileReference; lastKnownFileType = sourcecode.swift; path = ImpressumView.swift; sourceTree = "<group>"; };
		96C6F61227F1D538004C4B7D /* cispa_logo_en_rgb.png */ = {isa = PBXFileReference; lastKnownFileType = image.png; path = cispa_logo_en_rgb.png; sourceTree = "<group>"; };
		96C6F61327F1D538004C4B7D /* sic.png */ = {isa = PBXFileReference; lastKnownFileType = image.png; path = sic.png; sourceTree = "<group>"; };
		96C6F61427F1D538004C4B7D /* uds.png */ = {isa = PBXFileReference; lastKnownFileType = image.png; path = uds.png; sourceTree = "<group>"; };
		96C6F61527F1D538004C4B7D /* erc.png */ = {isa = PBXFileReference; lastKnownFileType = image.png; path = erc.png; sourceTree = "<group>"; };
		96C6F61627F1D538004C4B7D /* logo_cpec_final_rgb_v2.png */ = {isa = PBXFileReference; lastKnownFileType = image.png; path = logo_cpec_final_rgb_v2.png; sourceTree = "<group>"; };
		96E82749286DBC340095EA5B /* spec_custom.lola */ = {isa = PBXFileReference; lastKnownFileType = text; path = spec_custom.lola; sourceTree = "<group>"; };
		96ECF8DA27DA72D600429CF1 /* Model.swift */ = {isa = PBXFileReference; lastKnownFileType = sourcecode.swift; path = Model.swift; sourceTree = "<group>"; };
		96ECF8DC27DA72F200429CF1 /* Menu.swift */ = {isa = PBXFileReference; lastKnownFileType = sourcecode.swift; path = Menu.swift; sourceTree = "<group>"; };
		96ECF8DE27DA731100429CF1 /* CommandItem.swift */ = {isa = PBXFileReference; lastKnownFileType = sourcecode.swift; path = CommandItem.swift; sourceTree = "<group>"; };
		96ECF8E027DA732700429CF1 /* Profile.swift */ = {isa = PBXFileReference; lastKnownFileType = sourcecode.swift; path = Profile.swift; sourceTree = "<group>"; };
		96ECF8E227DA734300429CF1 /* ProfileCommands.swift */ = {isa = PBXFileReference; lastKnownFileType = sourcecode.swift; path = ProfileCommands.swift; sourceTree = "<group>"; };
		96ECF8E427DA739600429CF1 /* Dynamics.swift */ = {isa = PBXFileReference; lastKnownFileType = sourcecode.swift; path = Dynamics.swift; sourceTree = "<group>"; };
		96ECF8E627DA745C00429CF1 /* ProfileEditView.swift */ = {isa = PBXFileReference; lastKnownFileType = sourcecode.swift; path = ProfileEditView.swift; sourceTree = "<group>"; };
		96ECF8E927DA74F200429CF1 /* ViewModel.swift */ = {isa = PBXFileReference; lastKnownFileType = sourcecode.swift; path = ViewModel.swift; sourceTree = "<group>"; };
		96EFC14126FB4F9400BE44A6 /* RdeSettingsView.swift */ = {isa = PBXFileReference; lastKnownFileType = sourcecode.swift; path = RdeSettingsView.swift; sourceTree = "<group>"; };
		96EFC14426FB508F00BE44A6 /* NavBar.swift */ = {isa = PBXFileReference; lastKnownFileType = sourcecode.swift; path = NavBar.swift; sourceTree = "<group>"; };
		96EFC14626FB510E00BE44A6 /* RdeView.swift */ = {isa = PBXFileReference; lastKnownFileType = sourcecode.swift; path = RdeView.swift; sourceTree = "<group>"; };
		96EFC14826FB69D500BE44A6 /* HistoryView.swift */ = {isa = PBXFileReference; lastKnownFileType = sourcecode.swift; path = HistoryView.swift; sourceTree = "<group>"; };
		96EFC14A26FB6E3200BE44A6 /* MonitoringView.swift */ = {isa = PBXFileReference; lastKnownFileType = sourcecode.swift; path = MonitoringView.swift; sourceTree = "<group>"; };
		96EFC14C26FB6E4A00BE44A6 /* HelpView.swift */ = {isa = PBXFileReference; lastKnownFileType = sourcecode.swift; path = HelpView.swift; sourceTree = "<group>"; };
		96EFC14E26FB6F1400BE44A6 /* ProfilesView.swift */ = {isa = PBXFileReference; lastKnownFileType = sourcecode.swift; path = ProfilesView.swift; sourceTree = "<group>"; };
		96EFC15026FB6F4100BE44A6 /* PrivacyView.swift */ = {isa = PBXFileReference; lastKnownFileType = sourcecode.swift; path = PrivacyView.swift; sourceTree = "<group>"; };
		96F77EB926B3276D00B22DE2 /* pcdfcore.framework */ = {isa = PBXFileReference; lastKnownFileType = wrapper.framework; name = pcdfcore.framework; path = "../../pcdf-core/pcdfcore/build/bin/native/releaseFramework/pcdfcore.framework"; sourceTree = "<group>"; };
		96FEAE8226CE6251005255D0 /* Util.swift */ = {isa = PBXFileReference; lastKnownFileType = sourcecode.swift; path = Util.swift; sourceTree = "<group>"; };
		A9729F66D373FA68AA030A10 /* Pods_Greetings.framework */ = {isa = PBXFileReference; explicitFileType = wrapper.framework; includeInIndex = 0; path = Pods_Greetings.framework; sourceTree = BUILT_PRODUCTS_DIR; };
/* End PBXFileReference section */

/* Begin PBXFrameworksBuildPhase section */
		960DACA026396859005DEABB /* Frameworks */ = {
			isa = PBXFrameworksBuildPhase;
			buildActionMask = 2147483647;
			files = (
				9623A15F27C58572007DDA99 /* libgreetings.a in Frameworks */,
				96C8995D26EB917000E2254D /* pcdfcore.framework in Frameworks */,
				966BAB962683979D0075984D /* libresolv.tbd in Frameworks */,
				C6988D887C7A3B49C886698A /* Pods_Greetings.framework in Frameworks */,
			);
			runOnlyForDeploymentPostprocessing = 0;
		};
/* End PBXFrameworksBuildPhase section */

/* Begin PBXGroup section */
		960DAC9A26396859005DEABB = {
			isa = PBXGroup;
			children = (
				969B982D280710C3004A2123 /* lola */,
				96B71F2B271D7C6A00AB2E8E /* ppcdf */,
				966BAB97268398040075984D /* greetings.h */,
				960DACA526396859005DEABB /* Greetings */,
				960DACA426396859005DEABB /* Products */,
				960DACB52639687D005DEABB /* Frameworks */,
				E3FE97F6A5DC1AA896415E16 /* Pods */,
			);
			sourceTree = "<group>";
		};
		960DACA426396859005DEABB /* Products */ = {
			isa = PBXGroup;
			children = (
				960DACA326396859005DEABB /* Greetings.app */,
			);
			name = Products;
			sourceTree = "<group>";
		};
		960DACA526396859005DEABB /* Greetings */ = {
			isa = PBXGroup;
			children = (
				96C6F5F727EE79F5004C4B7D /* www */,
				9640B61527DA725400A3D38C /* Model */,
				96EFC14326FB4FF900BE44A6 /* View */,
				96ECF8E827DA74DB00429CF1 /* ViewModel */,
				960DACA626396859005DEABB /* GreetingsApp.swift */,
				960DACAA2639685A005DEABB /* Assets.xcassets */,
				960DACAF2639685A005DEABB /* Info.plist */,
				960DACAC2639685A005DEABB /* Preview Content */,
				960DACBA26396965005DEABB /* Greetings-Bridging-Header.h */,
				960DACBB26396D95005DEABB /* RustGreetings.swift */,
				96A0DADC26BC205900934FCA /* RDEValidator.swift */,
				96FEAE8226CE6251005255D0 /* Util.swift */,
				962B13D726D7E432001F8760 /* MyOBD.swift */,
				962F4AD828647D6C00DC15E5 /* MultiSensorReducer.swift */,
				963238282734CA62008070D5 /* LocationHelper.swift */,
				9670CCA4286F2F9200E1BDC9 /* Uploader.swift */,
			);
			path = Greetings;
			sourceTree = "<group>";
		};
		960DACAC2639685A005DEABB /* Preview Content */ = {
			isa = PBXGroup;
			children = (
				960DACAD2639685A005DEABB /* Preview Assets.xcassets */,
			);
			path = "Preview Content";
			sourceTree = "<group>";
		};
		960DACB52639687D005DEABB /* Frameworks */ = {
			isa = PBXGroup;
			children = (
				96F77EB926B3276D00B22DE2 /* pcdfcore.framework */,
				960DACB7263968A5005DEABB /* libresolv.tbd */,
				960DACB62639687D005DEABB /* libgreetings.a */,
				A9729F66D373FA68AA030A10 /* Pods_Greetings.framework */,
			);
			name = Frameworks;
			sourceTree = "<group>";
		};
		9640B61527DA725400A3D38C /* Model */ = {
			isa = PBXGroup;
			children = (
				96ECF8DA27DA72D600429CF1 /* Model.swift */,
				96ECF8DC27DA72F200429CF1 /* Menu.swift */,
				96ECF8DE27DA731100429CF1 /* CommandItem.swift */,
				96ECF8E027DA732700429CF1 /* Profile.swift */,
				96ECF8E227DA734300429CF1 /* ProfileCommands.swift */,
				96ECF8E427DA739600429CF1 /* Dynamics.swift */,
				96C43B922831AACE00F45FC4 /* EventStore.swift */,
			);
			path = Model;
			sourceTree = "<group>";
		};
		969B982D280710C3004A2123 /* lola */ = {
			isa = PBXGroup;
			children = (
				9651D72826CAAB81000F9A44 /* rde-lola-test-drive-spec-no-percentile1.lola */,
				969B982E28071147004A2123 /* spec_header.lola */,
				969B983A280EB0E0004A2123 /* spec_body.lola */,
				969B9832280EB0DF004A2123 /* spec_fuel_rate_input.lola */,
				969B9838280EB0E0004A2123 /* spec_fuel_rate_to_co2_diesel.lola */,
				969B9839280EB0E0004A2123 /* spec_fuel_rate_to_emf_diesel.spec */,
				969B983B280EB0E0004A2123 /* spec_fuelrate_to_co2_gasoline.lola */,
				969B9837280EB0E0004A2123 /* spec_fuelrate_to_emf_gasoline.lola */,
				969B9833280EB0DF004A2123 /* spec_maf_to_fuel_rate_diesel_fae.lola */,
				969B9834280EB0DF004A2123 /* spec_maf_to_fuel_rate_diesel.lola */,
				969B9836280EB0E0004A2123 /* spec_maf_to_fuel_rate_gasoline_fae.lola */,
				969B9835280EB0DF004A2123 /* spec_maf_to_fuel_rate_gasoline.lola */,
				96E82749286DBC340095EA5B /* spec_custom.lola */,
			);
			path = lola;
			sourceTree = "<group>";
		};
		96B71F2B271D7C6A00AB2E8E /* ppcdf */ = {
			isa = PBXGroup;
			children = (
				9651D72A26CAAE14000F9A44 /* nox-valid.ppcdf */,
				96B71F1F271D7C2600AB2E8E /* 2021-09-13_11-45-26.ppcdf */,
				96B71F21271D7C3500AB2E8E /* 2021-09-13_12-02-52.ppcdf */,
				96B71F23271D7C4100AB2E8E /* 2021-09-13_12-03-30.ppcdf */,
				96B71F25271D7C4F00AB2E8E /* 2021-09-13_12-04-29.ppcdf */,
				96B71F26271D7C4F00AB2E8E /* 2021-09-13_12-12-53.ppcdf */,
				96B71F27271D7C4F00AB2E8E /* 2021-09-13_15-07-19.ppcdf */,
			);
			path = ppcdf;
			sourceTree = "<group>";
		};
		96C6F5F727EE79F5004C4B7D /* www */ = {
			isa = PBXGroup;
			children = (
				96C6F5FD27EE80BE004C4B7D /* help.html */,
				96C6F60027EE80E2004C4B7D /* privacy.html */,
				96C6F60827F1CCF6004C4B7D /* acknowledgements.html */,
				96C6F60927F1CCF6004C4B7D /* impressum.html */,
				96C6F5FC27EE80BD004C4B7D /* style.css */,
				96C6F61227F1D538004C4B7D /* cispa_logo_en_rgb.png */,
				96C6F61527F1D538004C4B7D /* erc.png */,
				96C6F61627F1D538004C4B7D /* logo_cpec_final_rgb_v2.png */,
				96C6F61327F1D538004C4B7D /* sic.png */,
				96C6F61427F1D538004C4B7D /* uds.png */,
			);
			path = www;
			sourceTree = "<group>";
		};
		96ECF8E827DA74DB00429CF1 /* ViewModel */ = {
			isa = PBXGroup;
			children = (
				96ECF8E927DA74F200429CF1 /* ViewModel.swift */,
			);
			path = ViewModel;
			sourceTree = "<group>";
		};
		96EFC14326FB4FF900BE44A6 /* View */ = {
			isa = PBXGroup;
			children = (
				960DACA826396859005DEABB /* ContentView.swift */,
				96EFC14426FB508F00BE44A6 /* NavBar.swift */,
				96EFC14126FB4F9400BE44A6 /* RdeSettingsView.swift */,
				96EFC14626FB510E00BE44A6 /* RdeView.swift */,
				96C6F5F027E618E5004C4B7D /* RdeLogView.swift */,
				96EFC14A26FB6E3200BE44A6 /* MonitoringView.swift */,
				96ECF8E627DA745C00429CF1 /* ProfileEditView.swift */,
				96EFC14E26FB6F1400BE44A6 /* ProfilesView.swift */,
				96EFC14826FB69D500BE44A6 /* HistoryView.swift */,
				96C43B94283563CB00F45FC4 /* HistoryDetailView.swift */,
				96EFC15026FB6F4100BE44A6 /* PrivacyView.swift */,
				96EFC14C26FB6E4A00BE44A6 /* HelpView.swift */,
				96C6F5F227E7727B004C4B7D /* CapsuleView.swift */,
				96C6F5F427EE6EAE004C4B7D /* UrlWebView.swift */,
				96C6F60C27F1CDDB004C4B7D /* AcknowledgementsView.swift */,
				96C6F60E27F1CF63004C4B7D /* BaseWebView.swift */,
				96C6F61027F1CFF8004C4B7D /* ImpressumView.swift */,
			);
			path = View;
			sourceTree = "<group>";
		};
		E3FE97F6A5DC1AA896415E16 /* Pods */ = {
			isa = PBXGroup;
			children = (
				5B5806C2B8A4FB5A7682F178 /* Pods-Greetings.debug.xcconfig */,
				8D15ED78B4394F1548B5880B /* Pods-Greetings.release.xcconfig */,
			);
			path = Pods;
			sourceTree = "<group>";
		};
/* End PBXGroup section */

/* Begin PBXNativeTarget section */
		960DACA226396859005DEABB /* Greetings */ = {
			isa = PBXNativeTarget;
			buildConfigurationList = 960DACB22639685A005DEABB /* Build configuration list for PBXNativeTarget "Greetings" */;
			buildPhases = (
				9407FB67632F3C08CBA70891 /* [CP] Check Pods Manifest.lock */,
				960DAC9F26396859005DEABB /* Sources */,
				960DACA026396859005DEABB /* Frameworks */,
				960DACA126396859005DEABB /* Resources */,
				96C8995F26EB917000E2254D /* Embed Frameworks */,
				EE41766ED539BA0AE47AA01B /* [CP] Embed Pods Frameworks */,
			);
			buildRules = (
			);
			dependencies = (
			);
			name = Greetings;
			productName = Greetings;
			productReference = 960DACA326396859005DEABB /* Greetings.app */;
			productType = "com.apple.product-type.application";
		};
/* End PBXNativeTarget section */

/* Begin PBXProject section */
		960DAC9B26396859005DEABB /* Project object */ = {
			isa = PBXProject;
			attributes = {
				LastSwiftUpdateCheck = 1250;
				LastUpgradeCheck = 1250;
				TargetAttributes = {
					960DACA226396859005DEABB = {
						CreatedOnToolsVersion = 12.5;
					};
				};
			};
			buildConfigurationList = 960DAC9E26396859005DEABB /* Build configuration list for PBXProject "Greetings" */;
			compatibilityVersion = "Xcode 9.3";
			developmentRegion = en;
			hasScannedForEncodings = 0;
			knownRegions = (
				en,
				Base,
			);
			mainGroup = 960DAC9A26396859005DEABB;
			productRefGroup = 960DACA426396859005DEABB /* Products */;
			projectDirPath = "";
			projectRoot = "";
			targets = (
				960DACA226396859005DEABB /* Greetings */,
			);
		};
/* End PBXProject section */

/* Begin PBXResourcesBuildPhase section */
		960DACA126396859005DEABB /* Resources */ = {
			isa = PBXResourcesBuildPhase;
			buildActionMask = 2147483647;
			files = (
				96B71F2A271D7C4F00AB2E8E /* 2021-09-13_15-07-19.ppcdf in Resources */,
				969B983C280EB0E0004A2123 /* spec_fuel_rate_input.lola in Resources */,
				969B9842280EB0E0004A2123 /* spec_fuel_rate_to_co2_diesel.lola in Resources */,
				969B983D280EB0E0004A2123 /* spec_maf_to_fuel_rate_diesel_fae.lola in Resources */,
				96C6F5FF27EE80BE004C4B7D /* help.html in Resources */,
				9651D72B26CAAE14000F9A44 /* nox-valid.ppcdf in Resources */,
				96C6F60A27F1CCF6004C4B7D /* acknowledgements.html in Resources */,
				969B982F28071147004A2123 /* spec_header.lola in Resources */,
				969B9844280EB0E0004A2123 /* spec_body.lola in Resources */,
				96C6F61727F1D538004C4B7D /* cispa_logo_en_rgb.png in Resources */,
				96C6F60127EE80E2004C4B7D /* privacy.html in Resources */,
				96E8274A286DBC340095EA5B /* spec_custom.lola in Resources */,
				969B9845280EB0E0004A2123 /* spec_fuelrate_to_co2_gasoline.lola in Resources */,
				96C6F61B27F1D538004C4B7D /* logo_cpec_final_rgb_v2.png in Resources */,
				96C6F61927F1D538004C4B7D /* uds.png in Resources */,
				960DACAE2639685A005DEABB /* Preview Assets.xcassets in Resources */,
				969B982B28070FB9004A2123 /* rde-lola-test-drive-spec-no-percentile1.lola in Resources */,
				96C6F60B27F1CCF6004C4B7D /* impressum.html in Resources */,
				96B71F20271D7C2600AB2E8E /* 2021-09-13_11-45-26.ppcdf in Resources */,
				96B71F29271D7C4F00AB2E8E /* 2021-09-13_12-12-53.ppcdf in Resources */,
				969B983F280EB0E0004A2123 /* spec_maf_to_fuel_rate_gasoline.lola in Resources */,
				96B71F28271D7C4F00AB2E8E /* 2021-09-13_12-04-29.ppcdf in Resources */,
				96C6F5FE27EE80BE004C4B7D /* style.css in Resources */,
				96C6F61A27F1D538004C4B7D /* erc.png in Resources */,
				96C6F61827F1D538004C4B7D /* sic.png in Resources */,
				960DACAB2639685A005DEABB /* Assets.xcassets in Resources */,
				96B71F22271D7C3500AB2E8E /* 2021-09-13_12-02-52.ppcdf in Resources */,
				969B9843280EB0E0004A2123 /* spec_fuel_rate_to_emf_diesel.spec in Resources */,
				969B983E280EB0E0004A2123 /* spec_maf_to_fuel_rate_diesel.lola in Resources */,
				96B71F24271D7C4100AB2E8E /* 2021-09-13_12-03-30.ppcdf in Resources */,
				969B9840280EB0E0004A2123 /* spec_maf_to_fuel_rate_gasoline_fae.lola in Resources */,
				969B9841280EB0E0004A2123 /* spec_fuelrate_to_emf_gasoline.lola in Resources */,
			);
			runOnlyForDeploymentPostprocessing = 0;
		};
/* End PBXResourcesBuildPhase section */

/* Begin PBXShellScriptBuildPhase section */
		9407FB67632F3C08CBA70891 /* [CP] Check Pods Manifest.lock */ = {
			isa = PBXShellScriptBuildPhase;
			buildActionMask = 2147483647;
			files = (
			);
			inputFileListPaths = (
			);
			inputPaths = (
				"${PODS_PODFILE_DIR_PATH}/Podfile.lock",
				"${PODS_ROOT}/Manifest.lock",
			);
			name = "[CP] Check Pods Manifest.lock";
			outputFileListPaths = (
			);
			outputPaths = (
				"$(DERIVED_FILE_DIR)/Pods-Greetings-checkManifestLockResult.txt",
			);
			runOnlyForDeploymentPostprocessing = 0;
			shellPath = /bin/sh;
			shellScript = "diff \"${PODS_PODFILE_DIR_PATH}/Podfile.lock\" \"${PODS_ROOT}/Manifest.lock\" > /dev/null\nif [ $? != 0 ] ; then\n    # print error to STDERR\n    echo \"error: The sandbox is not in sync with the Podfile.lock. Run 'pod install' or update your CocoaPods installation.\" >&2\n    exit 1\nfi\n# This output is used by Xcode 'outputs' to avoid re-running this script phase.\necho \"SUCCESS\" > \"${SCRIPT_OUTPUT_FILE_0}\"\n";
			showEnvVarsInLog = 0;
		};
		EE41766ED539BA0AE47AA01B /* [CP] Embed Pods Frameworks */ = {
			isa = PBXShellScriptBuildPhase;
			buildActionMask = 2147483647;
			files = (
			);
			inputFileListPaths = (
				"${PODS_ROOT}/Target Support Files/Pods-Greetings/Pods-Greetings-frameworks-${CONFIGURATION}-input-files.xcfilelist",
			);
			name = "[CP] Embed Pods Frameworks";
			outputFileListPaths = (
				"${PODS_ROOT}/Target Support Files/Pods-Greetings/Pods-Greetings-frameworks-${CONFIGURATION}-output-files.xcfilelist",
			);
			runOnlyForDeploymentPostprocessing = 0;
			shellPath = /bin/sh;
			shellScript = "\"${PODS_ROOT}/Target Support Files/Pods-Greetings/Pods-Greetings-frameworks.sh\"\n";
			showEnvVarsInLog = 0;
		};
/* End PBXShellScriptBuildPhase section */

/* Begin PBXSourcesBuildPhase section */
		960DAC9F26396859005DEABB /* Sources */ = {
			isa = PBXSourcesBuildPhase;
			buildActionMask = 2147483647;
			files = (
				960DACBC26396D95005DEABB /* RustGreetings.swift in Sources */,
				96EFC14926FB69D500BE44A6 /* HistoryView.swift in Sources */,
				96EFC14B26FB6E3200BE44A6 /* MonitoringView.swift in Sources */,
				9670CCA5286F2F9200E1BDC9 /* Uploader.swift in Sources */,
				96EFC14D26FB6E4A00BE44A6 /* HelpView.swift in Sources */,
				96EFC14726FB510E00BE44A6 /* RdeView.swift in Sources */,
				96C6F5F527EE6EAE004C4B7D /* UrlWebView.swift in Sources */,
				96ECF8EA27DA74F200429CF1 /* ViewModel.swift in Sources */,
				96EFC15126FB6F4100BE44A6 /* PrivacyView.swift in Sources */,
				96FEAE8326CE6251005255D0 /* Util.swift in Sources */,
				963238292734CA62008070D5 /* LocationHelper.swift in Sources */,
				96ECF8DB27DA72D600429CF1 /* Model.swift in Sources */,
				96ECF8E727DA745C00429CF1 /* ProfileEditView.swift in Sources */,
				96ECF8E127DA732700429CF1 /* Profile.swift in Sources */,
				962F4AD928647D6C00DC15E5 /* MultiSensorReducer.swift in Sources */,
				96ECF8E327DA734300429CF1 /* ProfileCommands.swift in Sources */,
				96ECF8DF27DA731100429CF1 /* CommandItem.swift in Sources */,
				96C6F5F327E7727B004C4B7D /* CapsuleView.swift in Sources */,
				962B13D826D7E432001F8760 /* MyOBD.swift in Sources */,
				96ECF8DD27DA72F200429CF1 /* Menu.swift in Sources */,
				96C43B95283563CB00F45FC4 /* HistoryDetailView.swift in Sources */,
				96C6F61127F1CFF8004C4B7D /* ImpressumView.swift in Sources */,
				960DACA926396859005DEABB /* ContentView.swift in Sources */,
				96C6F60D27F1CDDB004C4B7D /* AcknowledgementsView.swift in Sources */,
				96C6F5F127E618E5004C4B7D /* RdeLogView.swift in Sources */,
				96ECF8E527DA739600429CF1 /* Dynamics.swift in Sources */,
				96EFC14526FB508F00BE44A6 /* NavBar.swift in Sources */,
				96C43B932831AACE00F45FC4 /* EventStore.swift in Sources */,
				96EFC14F26FB6F1400BE44A6 /* ProfilesView.swift in Sources */,
				96EFC14226FB4F9400BE44A6 /* RdeSettingsView.swift in Sources */,
				96A0DADD26BC205900934FCA /* RDEValidator.swift in Sources */,
				960DACA726396859005DEABB /* GreetingsApp.swift in Sources */,
				96C6F60F27F1CF63004C4B7D /* BaseWebView.swift in Sources */,
			);
			runOnlyForDeploymentPostprocessing = 0;
		};
/* End PBXSourcesBuildPhase section */

/* Begin XCBuildConfiguration section */
		960DACB02639685A005DEABB /* Debug */ = {
			isa = XCBuildConfiguration;
			buildSettings = {
				ALWAYS_SEARCH_USER_PATHS = NO;
				CLANG_ANALYZER_NONNULL = YES;
				CLANG_ANALYZER_NUMBER_OBJECT_CONVERSION = YES_AGGRESSIVE;
				CLANG_CXX_LANGUAGE_STANDARD = "gnu++14";
				CLANG_CXX_LIBRARY = "libc++";
				CLANG_ENABLE_MODULES = YES;
				CLANG_ENABLE_OBJC_ARC = YES;
				CLANG_ENABLE_OBJC_WEAK = YES;
				CLANG_WARN_BLOCK_CAPTURE_AUTORELEASING = YES;
				CLANG_WARN_BOOL_CONVERSION = YES;
				CLANG_WARN_COMMA = YES;
				CLANG_WARN_CONSTANT_CONVERSION = YES;
				CLANG_WARN_DEPRECATED_OBJC_IMPLEMENTATIONS = YES;
				CLANG_WARN_DIRECT_OBJC_ISA_USAGE = YES_ERROR;
				CLANG_WARN_DOCUMENTATION_COMMENTS = YES;
				CLANG_WARN_EMPTY_BODY = YES;
				CLANG_WARN_ENUM_CONVERSION = YES;
				CLANG_WARN_INFINITE_RECURSION = YES;
				CLANG_WARN_INT_CONVERSION = YES;
				CLANG_WARN_NON_LITERAL_NULL_CONVERSION = YES;
				CLANG_WARN_OBJC_IMPLICIT_RETAIN_SELF = YES;
				CLANG_WARN_OBJC_LITERAL_CONVERSION = YES;
				CLANG_WARN_OBJC_ROOT_CLASS = YES_ERROR;
				CLANG_WARN_QUOTED_INCLUDE_IN_FRAMEWORK_HEADER = YES;
				CLANG_WARN_RANGE_LOOP_ANALYSIS = YES;
				CLANG_WARN_STRICT_PROTOTYPES = YES;
				CLANG_WARN_SUSPICIOUS_MOVE = YES;
				CLANG_WARN_UNGUARDED_AVAILABILITY = YES_AGGRESSIVE;
				CLANG_WARN_UNREACHABLE_CODE = YES;
				CLANG_WARN__DUPLICATE_METHOD_MATCH = YES;
				COPY_PHASE_STRIP = NO;
				DEBUG_INFORMATION_FORMAT = dwarf;
				ENABLE_STRICT_OBJC_MSGSEND = YES;
				ENABLE_TESTABILITY = YES;
				GCC_C_LANGUAGE_STANDARD = gnu11;
				GCC_DYNAMIC_NO_PIC = NO;
				GCC_NO_COMMON_BLOCKS = YES;
				GCC_OPTIMIZATION_LEVEL = 0;
				GCC_PREPROCESSOR_DEFINITIONS = (
					"DEBUG=1",
					"$(inherited)",
				);
				GCC_WARN_64_TO_32_BIT_CONVERSION = YES;
				GCC_WARN_ABOUT_RETURN_TYPE = YES_ERROR;
				GCC_WARN_UNDECLARED_SELECTOR = YES;
				GCC_WARN_UNINITIALIZED_AUTOS = YES_AGGRESSIVE;
				GCC_WARN_UNUSED_FUNCTION = YES;
				GCC_WARN_UNUSED_VARIABLE = YES;
				IPHONEOS_DEPLOYMENT_TARGET = 14.5;
				MTL_ENABLE_DEBUG_INFO = INCLUDE_SOURCE;
				MTL_FAST_MATH = YES;
				ONLY_ACTIVE_ARCH = YES;
				SDKROOT = iphoneos;
				SWIFT_ACTIVE_COMPILATION_CONDITIONS = DEBUG;
				SWIFT_OPTIMIZATION_LEVEL = "-Onone";
			};
			name = Debug;
		};
		960DACB12639685A005DEABB /* Release */ = {
			isa = XCBuildConfiguration;
			buildSettings = {
				ALWAYS_SEARCH_USER_PATHS = NO;
				CLANG_ANALYZER_NONNULL = YES;
				CLANG_ANALYZER_NUMBER_OBJECT_CONVERSION = YES_AGGRESSIVE;
				CLANG_CXX_LANGUAGE_STANDARD = "gnu++14";
				CLANG_CXX_LIBRARY = "libc++";
				CLANG_ENABLE_MODULES = YES;
				CLANG_ENABLE_OBJC_ARC = YES;
				CLANG_ENABLE_OBJC_WEAK = YES;
				CLANG_WARN_BLOCK_CAPTURE_AUTORELEASING = YES;
				CLANG_WARN_BOOL_CONVERSION = YES;
				CLANG_WARN_COMMA = YES;
				CLANG_WARN_CONSTANT_CONVERSION = YES;
				CLANG_WARN_DEPRECATED_OBJC_IMPLEMENTATIONS = YES;
				CLANG_WARN_DIRECT_OBJC_ISA_USAGE = YES_ERROR;
				CLANG_WARN_DOCUMENTATION_COMMENTS = YES;
				CLANG_WARN_EMPTY_BODY = YES;
				CLANG_WARN_ENUM_CONVERSION = YES;
				CLANG_WARN_INFINITE_RECURSION = YES;
				CLANG_WARN_INT_CONVERSION = YES;
				CLANG_WARN_NON_LITERAL_NULL_CONVERSION = YES;
				CLANG_WARN_OBJC_IMPLICIT_RETAIN_SELF = YES;
				CLANG_WARN_OBJC_LITERAL_CONVERSION = YES;
				CLANG_WARN_OBJC_ROOT_CLASS = YES_ERROR;
				CLANG_WARN_QUOTED_INCLUDE_IN_FRAMEWORK_HEADER = YES;
				CLANG_WARN_RANGE_LOOP_ANALYSIS = YES;
				CLANG_WARN_STRICT_PROTOTYPES = YES;
				CLANG_WARN_SUSPICIOUS_MOVE = YES;
				CLANG_WARN_UNGUARDED_AVAILABILITY = YES_AGGRESSIVE;
				CLANG_WARN_UNREACHABLE_CODE = YES;
				CLANG_WARN__DUPLICATE_METHOD_MATCH = YES;
				COPY_PHASE_STRIP = NO;
				DEBUG_INFORMATION_FORMAT = "dwarf-with-dsym";
				ENABLE_NS_ASSERTIONS = NO;
				ENABLE_STRICT_OBJC_MSGSEND = YES;
				GCC_C_LANGUAGE_STANDARD = gnu11;
				GCC_NO_COMMON_BLOCKS = YES;
				GCC_WARN_64_TO_32_BIT_CONVERSION = YES;
				GCC_WARN_ABOUT_RETURN_TYPE = YES_ERROR;
				GCC_WARN_UNDECLARED_SELECTOR = YES;
				GCC_WARN_UNINITIALIZED_AUTOS = YES_AGGRESSIVE;
				GCC_WARN_UNUSED_FUNCTION = YES;
				GCC_WARN_UNUSED_VARIABLE = YES;
				IPHONEOS_DEPLOYMENT_TARGET = 14.5;
				MTL_ENABLE_DEBUG_INFO = NO;
				MTL_FAST_MATH = YES;
				SDKROOT = iphoneos;
				SWIFT_COMPILATION_MODE = wholemodule;
				SWIFT_OPTIMIZATION_LEVEL = "-O";
				VALIDATE_PRODUCT = YES;
			};
			name = Release;
		};
		960DACB32639685A005DEABB /* Debug */ = {
			isa = XCBuildConfiguration;
			baseConfigurationReference = 5B5806C2B8A4FB5A7682F178 /* Pods-Greetings.debug.xcconfig */;
			buildSettings = {
				ASSETCATALOG_COMPILER_APPICON_NAME = AppIcon;
				ASSETCATALOG_COMPILER_GLOBAL_ACCENT_COLOR_NAME = AccentColor;
				CODE_SIGN_STYLE = Automatic;
				DEVELOPMENT_ASSET_PATHS = "\"Greetings/Preview Content\"";
				DEVELOPMENT_TEAM = TN69MHQ4SY;
				ENABLE_PREVIEWS = YES;
				FRAMEWORK_SEARCH_PATHS = (
					"$(inherited)",
					"\"$(PROJECT_DIR)/../../pcdf-core/pcdfcore/build/bin/native/releaseFramework/\"",
				);
				HEADER_SEARCH_PATHS = (
					"$(inherited)",
					"\"${PODS_CONFIGURATION_BUILD_DIR}/LTSupportAutomotive/LTSupportAutomotive.framework/Headers\"",
				);
				INFOPLIST_FILE = Greetings/Info.plist;
				IPHONEOS_DEPLOYMENT_TARGET = 15.0;
				LD_RUNPATH_SEARCH_PATHS = (
					"$(inherited)",
					"@executable_path/Frameworks",
				);
				LIBRARY_SEARCH_PATHS = (
					"\"$(PROJECT_DIR)/../cargo/target/universal/release\"",
					"\"${PROJECT_DIR}/Pods/OBD2-Swift\"",
				);
				PRODUCT_BUNDLE_IDENTIFIER = "de.uni-saarland.stud.Greetings";
				PRODUCT_NAME = "$(TARGET_NAME)";
				SWIFT_OBJC_BRIDGING_HEADER = "$(PROJECT_DIR)/Greetings/Greetings-Bridging-Header.h";
				SWIFT_VERSION = 5.0;
				TARGETED_DEVICE_FAMILY = "1,2";
			};
			name = Debug;
		};
		960DACB42639685A005DEABB /* Release */ = {
			isa = XCBuildConfiguration;
			baseConfigurationReference = 8D15ED78B4394F1548B5880B /* Pods-Greetings.release.xcconfig */;
			buildSettings = {
				ASSETCATALOG_COMPILER_APPICON_NAME = AppIcon;
				ASSETCATALOG_COMPILER_GLOBAL_ACCENT_COLOR_NAME = AccentColor;
				CODE_SIGN_STYLE = Automatic;
				DEVELOPMENT_ASSET_PATHS = "\"Greetings/Preview Content\"";
				DEVELOPMENT_TEAM = TN69MHQ4SY;
				ENABLE_PREVIEWS = YES;
				FRAMEWORK_SEARCH_PATHS = (
					"$(inherited)",
					"\"$(PROJECT_DIR)/../../pcdf-core/pcdfcore/build/bin/native/releaseFramework/\"",
				);
				HEADER_SEARCH_PATHS = (
					"$(inherited)",
					"\"${PODS_CONFIGURATION_BUILD_DIR}/LTSupportAutomotive/LTSupportAutomotive.framework/Headers\"",
				);
				INFOPLIST_FILE = Greetings/Info.plist;
				IPHONEOS_DEPLOYMENT_TARGET = 15.0;
				LD_RUNPATH_SEARCH_PATHS = (
					"$(inherited)",
					"@executable_path/Frameworks",
				);
				LIBRARY_SEARCH_PATHS = (
					"\"$(PROJECT_DIR)/../cargo/target/universal/release\"",
					"\"${PROJECT_DIR}/Pods/OBD2-Swift\"",
				);
				ONLY_ACTIVE_ARCH = YES;
				PRODUCT_BUNDLE_IDENTIFIER = "de.uni-saarland.stud.Greetings";
				PRODUCT_NAME = "$(TARGET_NAME)";
				SWIFT_OBJC_BRIDGING_HEADER = "$(PROJECT_DIR)/Greetings/Greetings-Bridging-Header.h";
				SWIFT_VERSION = 5.0;
				TARGETED_DEVICE_FAMILY = "1,2";
			};
			name = Release;
		};
/* End XCBuildConfiguration section */

/* Begin XCConfigurationList section */
		960DAC9E26396859005DEABB /* Build configuration list for PBXProject "Greetings" */ = {
			isa = XCConfigurationList;
			buildConfigurations = (
				960DACB02639685A005DEABB /* Debug */,
				960DACB12639685A005DEABB /* Release */,
			);
			defaultConfigurationIsVisible = 0;
			defaultConfigurationName = Release;
		};
		960DACB22639685A005DEABB /* Build configuration list for PBXNativeTarget "Greetings" */ = {
			isa = XCConfigurationList;
			buildConfigurations = (
				960DACB32639685A005DEABB /* Debug */,
				960DACB42639685A005DEABB /* Release */,
			);
			defaultConfigurationIsVisible = 0;
			defaultConfigurationName = Release;
		};
/* End XCConfigurationList section */
	};
	rootObject = 960DAC9B26396859005DEABB /* Project object */;
}
